{
  "name": "@zorbeytorunoglu/codex-resets",
  "version": "0.1.0",
  "lockfileVersion": 3,
  "requires": true,
  "packages": {
    "": {
      "name": "@zorbeytorunoglu/codex-resets",
      "version": "0.1.0",
      "license": "MIT",
      "bin": {
        "codex-resets": "bin/codex-resets.js"
      },
      "engines": {
        "node": ">=20"
      }
    }
  }
}
